
Microsoft Visual Studio Solution File, Format Version 12.00
# Visual Studio 2013
VisualStudioVersion = 12.0.31101.0
MinimumVisualStudioVersion = 10.0.40219.1
Project("{FAE04EC0-301F-11D3-BF4B-00C04F79EFBC}") = "Crawler.Helper", "Crawler.Helper\Crawler.Helper.csproj", "{DF4AD80A-49B5-4902-A3FD-34C9C8E5898E}"
EndProject
Project("{FAE04EC0-301F-11D3-BF4B-00C04F79EFBC}") = "Crawler.Capture", "Crawler.Capture\Crawler.Capture.csproj", "{040427DB-D115-4DF9-A62D-39C15009D460}"
EndProject
Project("{FAE04EC0-301F-11D3-BF4B-00C04F79EFBC}") = "Crawler.Net.Console", "Crawler.Net.Console\Crawler.Net.Console.csproj", "{A597704C-0CE9-475A-B901-D2165072C021}"
EndProject
Project("{FAE04EC0-301F-11D3-BF4B-00C04F79EFBC}") = "Crawler.Log", "Crawler.Log\Crawler.Log.csproj", "{ED57555E-08D8-41E7-9BF7-D956202B6725}"
EndProject
Project("{FAE04EC0-301F-11D3-BF4B-00C04F79EFBC}") = "Crawler.DBAccess", "Crawler.DBAccess\Crawler.DBAccess.csproj", "{F4BA5993-2F30-47B8-B17D-0D12516176B2}"
EndProject
Global
	GlobalSection(SolutionConfigurationPlatforms) = preSolution
		Debug|Any CPU = Debug|Any CPU
		Release|Any CPU = Release|Any CPU
	EndGlobalSection
	GlobalSection(ProjectConfigurationPlatforms) = postSolution
		{DF4AD80A-49B5-4902-A3FD-34C9C8E5898E}.Debug|Any CPU.ActiveCfg = Debug|Any CPU
		{DF4AD80A-49B5-4902-A3FD-34C9C8E5898E}.Debug|Any CPU.Build.0 = Debug|Any CPU
		{DF4AD80A-49B5-4902-A3FD-34C9C8E5898E}.Release|Any CPU.ActiveCfg = Release|Any CPU
		{DF4AD80A-49B5-4902-A3FD-34C9C8E5898E}.Release|Any CPU.Build.0 = Release|Any CPU
		{040427DB-D115-4DF9-A62D-39C15009D460}.Debug|Any CPU.ActiveCfg = Debug|Any CPU
		{040427DB-D115-4DF9-A62D-39C15009D460}.Debug|Any CPU.Build.0 = Debug|Any CPU
		{040427DB-D115-4DF9-A62D-39C15009D460}.Release|Any CPU.ActiveCfg = Release|Any CPU
		{040427DB-D115-4DF9-A62D-39C15009D460}.Release|Any CPU.Build.0 = Release|Any CPU
		{A597704C-0CE9-475A-B901-D2165072C021}.Debug|Any CPU.ActiveCfg = Debug|Any CPU
		{A597704C-0CE9-475A-B901-D2165072C021}.Debug|Any CPU.Build.0 = Debug|Any CPU
		{A597704C-0CE9-475A-B901-D2165072C021}.Release|Any CPU.ActiveCfg = Release|Any CPU
		{A597704C-0CE9-475A-B901-D2165072C021}.Release|Any CPU.Build.0 = Release|Any CPU
		{ED57555E-08D8-41E7-9BF7-D956202B6725}.Debug|Any CPU.ActiveCfg = Debug|Any CPU
		{ED57555E-08D8-41E7-9BF7-D956202B6725}.Debug|Any CPU.Build.0 = Debug|Any CPU
		{ED57555E-08D8-41E7-9BF7-D956202B6725}.Release|Any CPU.ActiveCfg = Release|Any CPU
		{ED57555E-08D8-41E7-9BF7-D956202B6725}.Release|Any CPU.Build.0 = Release|Any CPU
		{F4BA5993-2F30-47B8-B17D-0D12516176B2}.Debug|Any CPU.ActiveCfg = Debug|Any CPU
		{F4BA5993-2F30-47B8-B17D-0D12516176B2}.Debug|Any CPU.Build.0 = Debug|Any CPU
		{F4BA5993-2F30-47B8-B17D-0D12516176B2}.Release|Any CPU.ActiveCfg = Release|Any CPU
		{F4BA5993-2F30-47B8-B17D-0D12516176B2}.Release|Any CPU.Build.0 = Release|Any CPU
	EndGlobalSection
	GlobalSection(SolutionProperties) = preSolution
		HideSolutionNode = FALSE
	EndGlobalSection
EndGlobal
