
Microsoft Visual Studio Solution File, Format Version 12.00
# Visual Studio 2013
VisualStudioVersion = 12.0.31101.0
MinimumVisualStudioVersion = 10.0.40219.1
Project("{FAE04EC0-301F-11D3-BF4B-00C04F79EFBC}") = "Crawler.Helper", "Crawler.Helper\Crawler.Helper.csproj", "{DF4AD80A-49B5-4902-A3FD-34C9C8E5898E}"
EndProject
Project("{FAE04EC0-301F-11D3-BF4B-00C04F79EFBC}") = "Crawler.Capture", "Crawler.Capture\Crawler.Capture.csproj", "{040427DB-D115-4DF9-A62D-39C15009D460}"
EndProject
Project("{FAE04EC0-301F-11D3-BF4B-00C04F79EFBC}") = "Crawler.Net.Console", "Crawler.Net.Console\Crawler.Net.Console.csproj", "{A597704C-0CE9-475A-B901-D2165072C021}"
EndProject
Project("{FAE04EC0-301F-11D3-BF4B-00C04F79EFBC}") = "Crawler.Log", "Crawler.Log\Crawler.Log.csproj", "{ED57555E-08D8-41E7-9BF7-D956202B6725}"
EndProject
Project("{FAE04EC0-301F-11D3-BF4B-00C04F79EFBC}") = "PoReader.DBAccess.Entities", "PoReader.DBAccess.Entities\PoReader.DBAccess.Entities.csproj", "{D914361C-4EB6-40CE-B9AB-13B76F6EC26C}"
EndProject
Project("{FAE04EC0-301F-11D3-BF4B-00C04F79EFBC}") = "PoReader.DBAccess.FactoryDAL", "PoReader.DBAccess.Factory\PoReader.DBAccess.FactoryDAL.csproj", "{4823F4DD-60D8-4267-9E6F-3B80C1D6D98B}"
EndProject
Project("{FAE04EC0-301F-11D3-BF4B-00C04F79EFBC}") = "PoReader.DBAccess.IDAL", "PoReader.DBAccess.IDAL\PoReader.DBAccess.IDAL.csproj", "{9B023740-0503-4164-AEF3-7ED5FD968EE8}"
EndProject
Project("{FAE04EC0-301F-11D3-BF4B-00C04F79EFBC}") = "PoReader.DBAccess.MySqlDAL", "PoReader.DBAccess.MySqlDAL\PoReader.DBAccess.MySqlDAL.csproj", "{D7BF8029-17AE-4397-84BD-F1AB5CB3C8CE}"
EndProject
Project("{2150E333-8FDC-42A3-9474-1A3956D46DE8}") = "DBAccess", "DBAccess", "{953F8EAE-E01B-4F5F-94C8-1F93617A6C22}"
EndProject
Global
	GlobalSection(SolutionConfigurationPlatforms) = preSolution
		Debug|Any CPU = Debug|Any CPU
		Release|Any CPU = Release|Any CPU
	EndGlobalSection
	GlobalSection(ProjectConfigurationPlatforms) = postSolution
		{DF4AD80A-49B5-4902-A3FD-34C9C8E5898E}.Debug|Any CPU.ActiveCfg = Debug|Any CPU
		{DF4AD80A-49B5-4902-A3FD-34C9C8E5898E}.Debug|Any CPU.Build.0 = Debug|Any CPU
		{DF4AD80A-49B5-4902-A3FD-34C9C8E5898E}.Release|Any CPU.ActiveCfg = Release|Any CPU
		{DF4AD80A-49B5-4902-A3FD-34C9C8E5898E}.Release|Any CPU.Build.0 = Release|Any CPU
		{040427DB-D115-4DF9-A62D-39C15009D460}.Debug|Any CPU.ActiveCfg = Debug|Any CPU
		{040427DB-D115-4DF9-A62D-39C15009D460}.Debug|Any CPU.Build.0 = Debug|Any CPU
		{040427DB-D115-4DF9-A62D-39C15009D460}.Release|Any CPU.ActiveCfg = Release|Any CPU
		{040427DB-D115-4DF9-A62D-39C15009D460}.Release|Any CPU.Build.0 = Release|Any CPU
		{A597704C-0CE9-475A-B901-D2165072C021}.Debug|Any CPU.ActiveCfg = Debug|Any CPU
		{A597704C-0CE9-475A-B901-D2165072C021}.Debug|Any CPU.Build.0 = Debug|Any CPU
		{A597704C-0CE9-475A-B901-D2165072C021}.Release|Any CPU.ActiveCfg = Release|Any CPU
		{A597704C-0CE9-475A-B901-D2165072C021}.Release|Any CPU.Build.0 = Release|Any CPU
		{ED57555E-08D8-41E7-9BF7-D956202B6725}.Debug|Any CPU.ActiveCfg = Debug|Any CPU
		{ED57555E-08D8-41E7-9BF7-D956202B6725}.Debug|Any CPU.Build.0 = Debug|Any CPU
		{ED57555E-08D8-41E7-9BF7-D956202B6725}.Release|Any CPU.ActiveCfg = Release|Any CPU
		{ED57555E-08D8-41E7-9BF7-D956202B6725}.Release|Any CPU.Build.0 = Release|Any CPU
		{D914361C-4EB6-40CE-B9AB-13B76F6EC26C}.Debug|Any CPU.ActiveCfg = Debug|Any CPU
		{D914361C-4EB6-40CE-B9AB-13B76F6EC26C}.Debug|Any CPU.Build.0 = Debug|Any CPU
		{D914361C-4EB6-40CE-B9AB-13B76F6EC26C}.Release|Any CPU.ActiveCfg = Release|Any CPU
		{D914361C-4EB6-40CE-B9AB-13B76F6EC26C}.Release|Any CPU.Build.0 = Release|Any CPU
		{4823F4DD-60D8-4267-9E6F-3B80C1D6D98B}.Debug|Any CPU.ActiveCfg = Debug|Any CPU
		{4823F4DD-60D8-4267-9E6F-3B80C1D6D98B}.Debug|Any CPU.Build.0 = Debug|Any CPU
		{4823F4DD-60D8-4267-9E6F-3B80C1D6D98B}.Release|Any CPU.ActiveCfg = Release|Any CPU
		{4823F4DD-60D8-4267-9E6F-3B80C1D6D98B}.Release|Any CPU.Build.0 = Release|Any CPU
		{9B023740-0503-4164-AEF3-7ED5FD968EE8}.Debug|Any CPU.ActiveCfg = Debug|Any CPU
		{9B023740-0503-4164-AEF3-7ED5FD968EE8}.Debug|Any CPU.Build.0 = Debug|Any CPU
		{9B023740-0503-4164-AEF3-7ED5FD968EE8}.Release|Any CPU.ActiveCfg = Release|Any CPU
		{9B023740-0503-4164-AEF3-7ED5FD968EE8}.Release|Any CPU.Build.0 = Release|Any CPU
		{D7BF8029-17AE-4397-84BD-F1AB5CB3C8CE}.Debug|Any CPU.ActiveCfg = Debug|Any CPU
		{D7BF8029-17AE-4397-84BD-F1AB5CB3C8CE}.Debug|Any CPU.Build.0 = Debug|Any CPU
		{D7BF8029-17AE-4397-84BD-F1AB5CB3C8CE}.Release|Any CPU.ActiveCfg = Release|Any CPU
		{D7BF8029-17AE-4397-84BD-F1AB5CB3C8CE}.Release|Any CPU.Build.0 = Release|Any CPU
	EndGlobalSection
	GlobalSection(SolutionProperties) = preSolution
		HideSolutionNode = FALSE
	EndGlobalSection
	GlobalSection(NestedProjects) = preSolution
		{D914361C-4EB6-40CE-B9AB-13B76F6EC26C} = {953F8EAE-E01B-4F5F-94C8-1F93617A6C22}
		{4823F4DD-60D8-4267-9E6F-3B80C1D6D98B} = {953F8EAE-E01B-4F5F-94C8-1F93617A6C22}
		{9B023740-0503-4164-AEF3-7ED5FD968EE8} = {953F8EAE-E01B-4F5F-94C8-1F93617A6C22}
		{D7BF8029-17AE-4397-84BD-F1AB5CB3C8CE} = {953F8EAE-E01B-4F5F-94C8-1F93617A6C22}
	EndGlobalSection
EndGlobal
